{
  "object": {
    "pins": [
      {
        "package": "AppCenter",
        "repositoryURL": "https://github.com/microsoft/appcenter-sdk-apple.git",
        "state": {
          "branch": null,
          "revision": "484dead179e6d7edd534d0d7defdf65c14a5b426",
          "version": "4.1.0"
        }
      },
      {
        "package": "combine-schedulers",
        "repositoryURL": "https://github.com/pointfreeco/combine-schedulers",
        "state": {
          "branch": null,
          "revision": "ae2f434e81017bb7de02c168fb0bde83cd8370c1",
          "version": "0.3.1"
        }
      },
      {
        "package": "Down",
        "repositoryURL": "https://github.com/iwasrobbed/Down",
        "state": {
          "branch": null,
          "revision": "0bcd20dc56ad7fd47bbb99a1d2302a8bfa43b6d0",
          "version": "0.10.0"
        }
      },
      {
        "package": "GRDB",
        "repositoryURL": "https://github.com/Thomvis/GRDB.swift.git",
        "state": {
          "branch": null,
          "revision": "c2b31ae8afa3b45049ea6eaa9dccae11c91f3beb",
          "version": "5.0.0"
        }
      },
      {
        "package": "Parma",
        "repositoryURL": "https://github.com/dasautoooo/Parma",
        "state": {
          "branch": null,
          "revision": "5aa1de6cdbbd37a38d56f3b55bed94d1dc48ec96",
          "version": "0.2.0"
        }
      },
      {
        "package": "PLCrashReporter",
        "repositoryURL": "https://github.com/microsoft/PLCrashReporter.git",
        "state": {
          "branch": null,
          "revision": "de6b8f9db4b2a0aa859a5507550a70548e4da936",
          "version": "1.8.1"
        }
      },
      {
        "package": "swift-case-paths",
        "repositoryURL": "https://github.com/pointfreeco/swift-case-paths",
        "state": {
          "branch": null,
          "revision": "1aa1bf7c4069d9ba2f7edd36dbfc96ff1c58cbff",
          "version": "0.1.3"
        }
      },
      {
        "package": "swift-composable-architecture",
        "repositoryURL": "https://github.com/pointfreeco/swift-composable-architecture.git",
        "state": {
          "branch": null,
          "revision": "a116fff6d4dbbad7c17308edf04e40a50b74e088",
          "version": "0.16.0"
        }
      },
      {
        "package": "SnapshotTesting",
        "repositoryURL": "https://github.com/pointfreeco/swift-snapshot-testing.git",
        "state": {
          "branch": null,
          "revision": "c466812aa2e22898f27557e2e780d3aad7a27203",
          "version": "1.8.2"
        }
      },
      {
        "package": "Introspect",
        "repositoryURL": "https://github.com/siteline/SwiftUI-Introspect.git",
        "state": {
          "branch": null,
          "revision": "36ecf80429d00a4cd1e81fbfe4655b1d99ebd651",
          "version": "0.1.2"
        }
      }
    ]
  },
  "version": 1
}
